<?xml version="1.0" encoding="utf-8"?>
<Project xmlns="http://schemas.microsoft.com/developer/msbuild/2003" ToolsVersion="4.0">
  <ItemGroup>
    <ClInclude Include="..\..\extensions\common.h" />
    <ClInclude Include="..\..\extensions\stx.h" />
    <ClInclude Include="..\..\extensions\stx_fileio.h" />
  </ItemGroup>
  <ItemGroup>
    <ClCompile Include="..\..\extensions\dnscache.c" />
    <ClCompile Include="..\..\extensions\dnsres.c" />
    <ClCompile Include="..\..\extensions\lrucache.c" />
    <ClCompile Include="..\..\extensions\stx_fileio.c" />
    <ClCompile Include="..\..\extensions\testdns.c" />
  </ItemGroup>
</Project>